
Microsoft Visual Studio Solution File, Format Version 12.00
# Visual Studio Version 17
VisualStudioVersion = 17.14.37411.7
MinimumVisualStudioVersion = 10.0.40219.1
Project("{2150E333-8FDC-42A3-9474-1A3956D46DE8}") = "SOURCE", "SOURCE", "{02EA681E-C7D8-13C7-8484-4AC65E1B71E8}"
EndProject
Project("{2150E333-8FDC-42A3-9474-1A3956D46DE8}") = "CORE", "CORE", "{6B3FB6A5-2358-49EB-90A1-6B6A1E8174CC}"
EndProject
Project("{2150E333-8FDC-42A3-9474-1A3956D46DE8}") = "INFRASTRUCTURE", "INFRASTRUCTURE", "{08FF7223-758F-4757-99B2-96745781D16E}"
EndProject
Project("{2150E333-8FDC-42A3-9474-1A3956D46DE8}") = "PRESENTATION", "PRESENTATION", "{C12C3D0E-CF6E-4E35-90F8-C794A3034F1A}"
EndProject
Project("{FAE04EC0-301F-11D3-BF4B-00C04F79EFBC}") = "PruebaTecnica.WebApi", "PruebaTecnica.WebApi\PruebaTecnica.WebApi.csproj", "{03029A88-3AD2-4981-BA25-524B05644AAC}"
EndProject
Project("{FAE04EC0-301F-11D3-BF4B-00C04F79EFBC}") = "PruebaTecnica.Core.Domain", "PruebaTecnica.Core.Domain\PruebaTecnica.Core.Domain.csproj", "{6F814E2A-3CFF-4BEA-ACF6-7A1718EDB303}"
EndProject
Project("{FAE04EC0-301F-11D3-BF4B-00C04F79EFBC}") = "PruebaTecnica.Core.Application", "PruebaTecnica.Core.Application\PruebaTecnica.Core.Application.csproj", "{E8C03E3D-1D3C-48E3-BB74-7AF60A56A075}"
EndProject
Project("{FAE04EC0-301F-11D3-BF4B-00C04F79EFBC}") = "PruebaTecnica.Infrastructure.Persistence", "PruebaTecnica.Infrastructure.Persistence\PruebaTecnica.Infrastructure.Persistence.csproj", "{52C3DE46-ECF2-4593-BA22-8D5F64D9BC05}"
EndProject
Project("{FAE04EC0-301F-11D3-BF4B-00C04F79EFBC}") = "PruebaTecnica.Infrastructure.Identity", "PruebaTecnica.Infrastructure.Identity\PruebaTecnica.Infrastructure.Identity.csproj", "{B7D61F02-7694-456B-A74F-348FCAADC997}"
EndProject
Project("{FAE04EC0-301F-11D3-BF4B-00C04F79EFBC}") = "PruebaTecnica.Infrastructure.Shared", "PruebaTecnica.Infrastructure.Shared\PruebaTecnica.Infrastructure.Shared.csproj", "{28ACF5C3-D862-4ED5-B0B2-C237B4BBBD3C}"
EndProject
Project("{FAE04EC0-301F-11D3-BF4B-00C04F79EFBC}") = "PruebaTecnica.UnitTests", "PruebaTecnica.UnitTests\PruebaTecnica.UnitTests.csproj", "{0E08F94E-4BAB-4DAD-8DA1-47D3E3CF9B10}"
EndProject
Project("{FAE04EC0-301F-11D3-BF4B-00C04F79EFBC}") = "PruebaTecnica.IntegrationTests", "PruebaTecnica.IntegrationTests\PruebaTecnica.IntegrationTests.csproj", "{4DFBE939-AA4A-42CF-A8AB-3C77D76E3FA5}"
EndProject
Global
	GlobalSection(SolutionConfigurationPlatforms) = preSolution
		Debug|Any CPU = Debug|Any CPU
		Debug|x64 = Debug|x64
		Debug|x86 = Debug|x86
		Release|Any CPU = Release|Any CPU
		Release|x64 = Release|x64
		Release|x86 = Release|x86
	EndGlobalSection
	GlobalSection(ProjectConfigurationPlatforms) = postSolution
		{03029A88-3AD2-4981-BA25-524B05644AAC}.Debug|Any CPU.ActiveCfg = Debug|Any CPU
		{03029A88-3AD2-4981-BA25-524B05644AAC}.Debug|Any CPU.Build.0 = Debug|Any CPU
		{03029A88-3AD2-4981-BA25-524B05644AAC}.Debug|x64.ActiveCfg = Debug|Any CPU
		{03029A88-3AD2-4981-BA25-524B05644AAC}.Debug|x64.Build.0 = Debug|Any CPU
		{03029A88-3AD2-4981-BA25-524B05644AAC}.Debug|x86.ActiveCfg = Debug|Any CPU
		{03029A88-3AD2-4981-BA25-524B05644AAC}.Debug|x86.Build.0 = Debug|Any CPU
		{03029A88-3AD2-4981-BA25-524B05644AAC}.Release|Any CPU.ActiveCfg = Release|Any CPU
		{03029A88-3AD2-4981-BA25-524B05644AAC}.Release|Any CPU.Build.0 = Release|Any CPU
		{03029A88-3AD2-4981-BA25-524B05644AAC}.Release|x64.ActiveCfg = Release|Any CPU
		{03029A88-3AD2-4981-BA25-524B05644AAC}.Release|x64.Build.0 = Release|Any CPU
		{03029A88-3AD2-4981-BA25-524B05644AAC}.Release|x86.ActiveCfg = Release|Any CPU
		{03029A88-3AD2-4981-BA25-524B05644AAC}.Release|x86.Build.0 = Release|Any CPU
		{6F814E2A-3CFF-4BEA-ACF6-7A1718EDB303}.Debug|Any CPU.ActiveCfg = Debug|Any CPU
		{6F814E2A-3CFF-4BEA-ACF6-7A1718EDB303}.Debug|Any CPU.Build.0 = Debug|Any CPU
		{6F814E2A-3CFF-4BEA-ACF6-7A1718EDB303}.Debug|x64.ActiveCfg = Debug|Any CPU
		{6F814E2A-3CFF-4BEA-ACF6-7A1718EDB303}.Debug|x64.Build.0 = Debug|Any CPU
		{6F814E2A-3CFF-4BEA-ACF6-7A1718EDB303}.Debug|x86.ActiveCfg = Debug|Any CPU
		{6F814E2A-3CFF-4BEA-ACF6-7A1718EDB303}.Debug|x86.Build.0 = Debug|Any CPU
		{6F814E2A-3CFF-4BEA-ACF6-7A1718EDB303}.Release|Any CPU.ActiveCfg = Release|Any CPU
		{6F814E2A-3CFF-4BEA-ACF6-7A1718EDB303}.Release|Any CPU.Build.0 = Release|Any CPU
		{6F814E2A-3CFF-4BEA-ACF6-7A1718EDB303}.Release|x64.ActiveCfg = Release|Any CPU
		{6F814E2A-3CFF-4BEA-ACF6-7A1718EDB303}.Release|x64.Build.0 = Release|Any CPU
		{6F814E2A-3CFF-4BEA-ACF6-7A1718EDB303}.Release|x86.ActiveCfg = Release|Any CPU
		{6F814E2A-3CFF-4BEA-ACF6-7A1718EDB303}.Release|x86.Build.0 = Release|Any CPU
		{E8C03E3D-1D3C-48E3-BB74-7AF60A56A075}.Debug|Any CPU.ActiveCfg = Debug|Any CPU
		{E8C03E3D-1D3C-48E3-BB74-7AF60A56A075}.Debug|Any CPU.Build.0 = Debug|Any CPU
		{E8C03E3D-1D3C-48E3-BB74-7AF60A56A075}.Debug|x64.ActiveCfg = Debug|Any CPU
		{E8C03E3D-1D3C-48E3-BB74-7AF60A56A075}.Debug|x64.Build.0 = Debug|Any CPU
		{E8C03E3D-1D3C-48E3-BB74-7AF60A56A075}.Debug|x86.ActiveCfg = Debug|Any CPU
		{E8C03E3D-1D3C-48E3-BB74-7AF60A56A075}.Debug|x86.Build.0 = Debug|Any CPU
		{E8C03E3D-1D3C-48E3-BB74-7AF60A56A075}.Release|Any CPU.ActiveCfg = Release|Any CPU
		{E8C03E3D-1D3C-48E3-BB74-7AF60A56A075}.Release|Any CPU.Build.0 = Release|Any CPU
		{E8C03E3D-1D3C-48E3-BB74-7AF60A56A075}.Release|x64.ActiveCfg = Release|Any CPU
		{E8C03E3D-1D3C-48E3-BB74-7AF60A56A075}.Release|x64.Build.0 = Release|Any CPU
		{E8C03E3D-1D3C-48E3-BB74-7AF60A56A075}.Release|x86.ActiveCfg = Release|Any CPU
		{E8C03E3D-1D3C-48E3-BB74-7AF60A56A075}.Release|x86.Build.0 = Release|Any CPU
		{52C3DE46-ECF2-4593-BA22-8D5F64D9BC05}.Debug|Any CPU.ActiveCfg = Debug|Any CPU
		{52C3DE46-ECF2-4593-BA22-8D5F64D9BC05}.Debug|Any CPU.Build.0 = Debug|Any CPU
		{52C3DE46-ECF2-4593-BA22-8D5F64D9BC05}.Debug|x64.ActiveCfg = Debug|Any CPU
		{52C3DE46-ECF2-4593-BA22-8D5F64D9BC05}.Debug|x64.Build.0 = Debug|Any CPU
		{52C3DE46-ECF2-4593-BA22-8D5F64D9BC05}.Debug|x86.ActiveCfg = Debug|Any CPU
		{52C3DE46-ECF2-4593-BA22-8D5F64D9BC05}.Debug|x86.Build.0 = Debug|Any CPU
		{52C3DE46-ECF2-4593-BA22-8D5F64D9BC05}.Release|Any CPU.ActiveCfg = Release|Any CPU
		{52C3DE46-ECF2-4593-BA22-8D5F64D9BC05}.Release|Any CPU.Build.0 = Release|Any CPU
		{52C3DE46-ECF2-4593-BA22-8D5F64D9BC05}.Release|x64.ActiveCfg = Release|Any CPU
		{52C3DE46-ECF2-4593-BA22-8D5F64D9BC05}.Release|x64.Build.0 = Release|Any CPU
		{52C3DE46-ECF2-4593-BA22-8D5F64D9BC05}.Release|x86.ActiveCfg = Release|Any CPU
		{52C3DE46-ECF2-4593-BA22-8D5F64D9BC05}.Release|x86.Build.0 = Release|Any CPU
		{B7D61F02-7694-456B-A74F-348FCAADC997}.Debug|Any CPU.ActiveCfg = Debug|Any CPU
		{B7D61F02-7694-456B-A74F-348FCAADC997}.Debug|Any CPU.Build.0 = Debug|Any CPU
		{B7D61F02-7694-456B-A74F-348FCAADC997}.Debug|x64.ActiveCfg = Debug|Any CPU
		{B7D61F02-7694-456B-A74F-348FCAADC997}.Debug|x64.Build.0 = Debug|Any CPU
		{B7D61F02-7694-456B-A74F-348FCAADC997}.Debug|x86.ActiveCfg = Debug|Any CPU
		{B7D61F02-7694-456B-A74F-348FCAADC997}.Debug|x86.Build.0 = Debug|Any CPU
		{B7D61F02-7694-456B-A74F-348FCAADC997}.Release|Any CPU.ActiveCfg = Release|Any CPU
		{B7D61F02-7694-456B-A74F-348FCAADC997}.Release|Any CPU.Build.0 = Release|Any CPU
		{B7D61F02-7694-456B-A74F-348FCAADC997}.Release|x64.ActiveCfg = Release|Any CPU
		{B7D61F02-7694-456B-A74F-348FCAADC997}.Release|x64.Build.0 = Release|Any CPU
		{B7D61F02-7694-456B-A74F-348FCAADC997}.Release|x86.ActiveCfg = Release|Any CPU
		{B7D61F02-7694-456B-A74F-348FCAADC997}.Release|x86.Build.0 = Release|Any CPU
		{28ACF5C3-D862-4ED5-B0B2-C237B4BBBD3C}.Debug|Any CPU.ActiveCfg = Debug|Any CPU
		{28ACF5C3-D862-4ED5-B0B2-C237B4BBBD3C}.Debug|Any CPU.Build.0 = Debug|Any CPU
		{28ACF5C3-D862-4ED5-B0B2-C237B4BBBD3C}.Debug|x64.ActiveCfg = Debug|Any CPU
		{28ACF5C3-D862-4ED5-B0B2-C237B4BBBD3C}.Debug|x64.Build.0 = Debug|Any CPU
		{28ACF5C3-D862-4ED5-B0B2-C237B4BBBD3C}.Debug|x86.ActiveCfg = Debug|Any CPU
		{28ACF5C3-D862-4ED5-B0B2-C237B4BBBD3C}.Debug|x86.Build.0 = Debug|Any CPU
		{28ACF5C3-D862-4ED5-B0B2-C237B4BBBD3C}.Release|Any CPU.ActiveCfg = Release|Any CPU
		{28ACF5C3-D862-4ED5-B0B2-C237B4BBBD3C}.Release|Any CPU.Build.0 = Release|Any CPU
		{28ACF5C3-D862-4ED5-B0B2-C237B4BBBD3C}.Release|x64.ActiveCfg = Release|Any CPU
		{28ACF5C3-D862-4ED5-B0B2-C237B4BBBD3C}.Release|x64.Build.0 = Release|Any CPU
		{28ACF5C3-D862-4ED5-B0B2-C237B4BBBD3C}.Release|x86.ActiveCfg = Release|Any CPU
		{28ACF5C3-D862-4ED5-B0B2-C237B4BBBD3C}.Release|x86.Build.0 = Release|Any CPU
		{0E08F94E-4BAB-4DAD-8DA1-47D3E3CF9B10}.Debug|Any CPU.ActiveCfg = Debug|Any CPU
		{0E08F94E-4BAB-4DAD-8DA1-47D3E3CF9B10}.Debug|Any CPU.Build.0 = Debug|Any CPU
		{0E08F94E-4BAB-4DAD-8DA1-47D3E3CF9B10}.Debug|x64.ActiveCfg = Debug|Any CPU
		{0E08F94E-4BAB-4DAD-8DA1-47D3E3CF9B10}.Debug|x64.Build.0 = Debug|Any CPU
		{0E08F94E-4BAB-4DAD-8DA1-47D3E3CF9B10}.Debug|x86.ActiveCfg = Debug|Any CPU
		{0E08F94E-4BAB-4DAD-8DA1-47D3E3CF9B10}.Debug|x86.Build.0 = Debug|Any CPU
		{0E08F94E-4BAB-4DAD-8DA1-47D3E3CF9B10}.Release|Any CPU.ActiveCfg = Release|Any CPU
		{0E08F94E-4BAB-4DAD-8DA1-47D3E3CF9B10}.Release|Any CPU.Build.0 = Release|Any CPU
		{0E08F94E-4BAB-4DAD-8DA1-47D3E3CF9B10}.Release|x64.ActiveCfg = Release|Any CPU
		{0E08F94E-4BAB-4DAD-8DA1-47D3E3CF9B10}.Release|x64.Build.0 = Release|Any CPU
		{0E08F94E-4BAB-4DAD-8DA1-47D3E3CF9B10}.Release|x86.ActiveCfg = Release|Any CPU
		{0E08F94E-4BAB-4DAD-8DA1-47D3E3CF9B10}.Release|x86.Build.0 = Release|Any CPU
		{4DFBE939-AA4A-42CF-A8AB-3C77D76E3FA5}.Debug|Any CPU.ActiveCfg = Debug|Any CPU
		{4DFBE939-AA4A-42CF-A8AB-3C77D76E3FA5}.Debug|Any CPU.Build.0 = Debug|Any CPU
		{4DFBE939-AA4A-42CF-A8AB-3C77D76E3FA5}.Debug|x64.ActiveCfg = Debug|Any CPU
		{4DFBE939-AA4A-42CF-A8AB-3C77D76E3FA5}.Debug|x64.Build.0 = Debug|Any CPU
		{4DFBE939-AA4A-42CF-A8AB-3C77D76E3FA5}.Debug|x86.ActiveCfg = Debug|Any CPU
		{4DFBE939-AA4A-42CF-A8AB-3C77D76E3FA5}.Debug|x86.Build.0 = Debug|Any CPU
		{4DFBE939-AA4A-42CF-A8AB-3C77D76E3FA5}.Release|Any CPU.ActiveCfg = Release|Any CPU
		{4DFBE939-AA4A-42CF-A8AB-3C77D76E3FA5}.Release|Any CPU.Build.0 = Release|Any CPU
		{4DFBE939-AA4A-42CF-A8AB-3C77D76E3FA5}.Release|x64.ActiveCfg = Release|Any CPU
		{4DFBE939-AA4A-42CF-A8AB-3C77D76E3FA5}.Release|x64.Build.0 = Release|Any CPU
		{4DFBE939-AA4A-42CF-A8AB-3C77D76E3FA5}.Release|x86.ActiveCfg = Release|Any CPU
		{4DFBE939-AA4A-42CF-A8AB-3C77D76E3FA5}.Release|x86.Build.0 = Release|Any CPU
	EndGlobalSection
	GlobalSection(SolutionProperties) = preSolution
		HideSolutionNode = FALSE
	EndGlobalSection
	GlobalSection(NestedProjects) = preSolution
		{6B3FB6A5-2358-49EB-90A1-6B6A1E8174CC} = {02EA681E-C7D8-13C7-8484-4AC65E1B71E8}
		{08FF7223-758F-4757-99B2-96745781D16E} = {02EA681E-C7D8-13C7-8484-4AC65E1B71E8}
		{C12C3D0E-CF6E-4E35-90F8-C794A3034F1A} = {02EA681E-C7D8-13C7-8484-4AC65E1B71E8}
		{03029A88-3AD2-4981-BA25-524B05644AAC} = {C12C3D0E-CF6E-4E35-90F8-C794A3034F1A}
		{6F814E2A-3CFF-4BEA-ACF6-7A1718EDB303} = {6B3FB6A5-2358-49EB-90A1-6B6A1E8174CC}
		{E8C03E3D-1D3C-48E3-BB74-7AF60A56A075} = {6B3FB6A5-2358-49EB-90A1-6B6A1E8174CC}
		{52C3DE46-ECF2-4593-BA22-8D5F64D9BC05} = {08FF7223-758F-4757-99B2-96745781D16E}
		{B7D61F02-7694-456B-A74F-348FCAADC997} = {08FF7223-758F-4757-99B2-96745781D16E}
		{28ACF5C3-D862-4ED5-B0B2-C237B4BBBD3C} = {08FF7223-758F-4757-99B2-96745781D16E}
	EndGlobalSection
	GlobalSection(ExtensibilityGlobals) = postSolution
		SolutionGuid = {6F3425C6-FE19-49D9-897F-51E516B261F1}
	EndGlobalSection
EndGlobal
